
Microsoft Visual Studio Solution File, Format Version 12.00
# Visual Studio 15
VisualStudioVersion = 15.0.28307.329
MinimumVisualStudioVersion = 10.0.40219.1
Project("{FAE04EC0-301F-11D3-BF4B-00C04F79EFBC}") = "StaffTab", "StaffTab\StaffTab.csproj", "{DDE4486F-634D-4224-821D-9155A69533F5}"
EndProject
Global
	GlobalSection(SolutionConfigurationPlatforms) = preSolution
		Debug|Any CPU = Debug|Any CPU
		Release|Any CPU = Release|Any CPU
	EndGlobalSection
	GlobalSection(ProjectConfigurationPlatforms) = postSolution
		{DDE4486F-634D-4224-821D-9155A69533F5}.Debug|Any CPU.ActiveCfg = Debug|Any CPU
		{DDE4486F-634D-4224-821D-9155A69533F5}.Debug|Any CPU.Build.0 = Debug|Any CPU
		{DDE4486F-634D-4224-821D-9155A69533F5}.Release|Any CPU.ActiveCfg = Release|Any CPU
		{DDE4486F-634D-4224-821D-9155A69533F5}.Release|Any CPU.Build.0 = Release|Any CPU
	EndGlobalSection
	GlobalSection(SolutionProperties) = preSolution
		HideSolutionNode = FALSE
	EndGlobalSection
	GlobalSection(ExtensibilityGlobals) = postSolution
		SolutionGuid = {1CF449F9-ABDD-4013-BC88-9A4BC13CA772}
	EndGlobalSection
EndGlobal
