
Microsoft Visual Studio Solution File, Format Version 12.00
# Visual Studio 15
VisualStudioVersion = 15.0.28010.2026
MinimumVisualStudioVersion = 10.0.40219.1
Project("{FAE04EC0-301F-11D3-BF4B-00C04F79EFBC}") = "Question3", "Question3\Question3.csproj", "{76EABD64-0120-4DBE-9100-380D52D85B4B}"
EndProject
Global
	GlobalSection(SolutionConfigurationPlatforms) = preSolution
		Debug|Any CPU = Debug|Any CPU
		Release|Any CPU = Release|Any CPU
	EndGlobalSection
	GlobalSection(ProjectConfigurationPlatforms) = postSolution
		{76EABD64-0120-4DBE-9100-380D52D85B4B}.Debug|Any CPU.ActiveCfg = Debug|Any CPU
		{76EABD64-0120-4DBE-9100-380D52D85B4B}.Debug|Any CPU.Build.0 = Debug|Any CPU
		{76EABD64-0120-4DBE-9100-380D52D85B4B}.Release|Any CPU.ActiveCfg = Release|Any CPU
		{76EABD64-0120-4DBE-9100-380D52D85B4B}.Release|Any CPU.Build.0 = Release|Any CPU
	EndGlobalSection
	GlobalSection(SolutionProperties) = preSolution
		HideSolutionNode = FALSE
	EndGlobalSection
	GlobalSection(ExtensibilityGlobals) = postSolution
		SolutionGuid = {3A6C4DC0-C41B-4E61-B4F1-C69334C2B533}
	EndGlobalSection
EndGlobal
